{
  "name": "@ibm/vscode-ibmi-projectexplorer-types",
  "version": "2.10.3",
  "lockfileVersion": 3,
  "requires": true,
  "packages": {
    "": {
      "name": "@ibm/vscode-ibmi-projectexplorer-types",
      "version": "2.10.3",
      "license": "Apache-2.0",
      "dependencies": {
        "@halcyontech/vscode-ibmi-types": "^2.9.0",
        "jsonschema": "^1.4.1"
      }
    },
    "node_modules/@halcyontech/vscode-ibmi-types": {
      "version": "2.10.1",
      "resolved": "https://registry.npmjs.org/@halcyontech/vscode-ibmi-types/-/vscode-ibmi-types-2.10.1.tgz",
      "integrity": "sha512-6S4vfMTpW8KkwpMJ2qPeNKL3S4GgmghUgZhiMVKlmwShYrnQ+cUjstYmKpB+EDxKbYOSRsd16e1EiF9qoyYaGw=="
    },
    "node_modules/jsonschema": {
      "version": "1.4.1",
      "resolved": "https://registry.npmjs.org/jsonschema/-/jsonschema-1.4.1.tgz",
      "integrity": "sha512-S6cATIPVv1z0IlxdN+zUk5EPjkGCdnhN4wVSBlvoUO1tOLJootbo9CquNJmbIh4yikWHiUedhRYrNPn1arpEmQ==",
      "engines": {
        "node": "*"
      }
    }
  }
}
